
Microsoft Visual Studio Solution File, Format Version 10.00
# Visual Studio 2008
Project("{FAE04EC0-301F-11D3-BF4B-00C04F79EFBC}") = "ProxyGenerator", "ProxyGenerator.csproj", "{87032FBA-4AE2-49C7-9DC2-E9D46EBD116E}"
EndProject
Project("{FAE04EC0-301F-11D3-BF4B-00C04F79EFBC}") = "NObjective", "NObjective.csproj", "{4AB62BFF-BD39-446D-96F5-9E3E0DDF0315}"
EndProject
Project("{FAE04EC0-301F-11D3-BF4B-00C04F79EFBC}") = "GUI", "GUI.csproj", "{5365E87B-AD0D-4878-B1EF-601526B346DB}"
EndProject
Project("{FAE04EC0-301F-11D3-BF4B-00C04F79EFBC}") = "PerformanceTests.Leopard", "PerformanceTests.Leopard.csproj", "{711A7A7C-FC3B-4B5D-859B-D78149482F5E}"
EndProject
Project("{FAE04EC0-301F-11D3-BF4B-00C04F79EFBC}") = "Tests.Leopard", "Tests.Leopard.csproj", "{F8531C94-62EF-40E2-8A2E-1B0F9DA49BFA}"
EndProject
Project("{FAE04EC0-301F-11D3-BF4B-00C04F79EFBC}") = "ProxyWeaver", "ProxyWeaver.csproj", "{08C1D8D4-A5E3-4417-9C0E-601BEB9E0B29}"
EndProject
Project("{FAE04EC0-301F-11D3-BF4B-00C04F79EFBC}") = "NObjectiveAST", "NObjectiveAST\NObjectiveAST.csproj", "{8496FF01-EBCA-4DF0-B661-3C80E820C061}"
EndProject
Project("{FAE04EC0-301F-11D3-BF4B-00C04F79EFBC}") = "RegenAST", "NObjectiveAST\RegenAST.csproj", "{565A1819-E803-4B31-98FC-2F6209C14259}"
EndProject
Project("{FAE04EC0-301F-11D3-BF4B-00C04F79EFBC}") = "RegenLexer", "NObjectiveAST\RegenLexer.csproj", "{BA9F9EC2-DAA5-4EF7-A254-209EE7AAB3ED}"
EndProject
Project("{FAE04EC0-301F-11D3-BF4B-00C04F79EFBC}") = "TestAST", "NObjectiveAST\TestAST.csproj", "{7EC354D8-D7FF-4F9B-A11A-3B10974D64E7}"
EndProject
Project("{FAE04EC0-301F-11D3-BF4B-00C04F79EFBC}") = "NObjective.Proxies.Leopard", "NObjective.Proxies.Leopard.csproj", "{D3A0BDFD-734B-418E-A514-40BE34AF3078}"
EndProject
Project("{FAE04EC0-301F-11D3-BF4B-00C04F79EFBC}") = "NObjective.Proxies.Tiger", "NObjective.Proxies.Tiger.csproj", "{A4373239-D2F8-4D9C-8E51-3AA47CF48A26}"
EndProject
Project("{FAE04EC0-301F-11D3-BF4B-00C04F79EFBC}") = "Tests.Tiger", "Tests.Tiger.csproj", "{DFEA3252-4558-46E2-972B-7D2F176C795A}"
EndProject
Project("{FAE04EC0-301F-11D3-BF4B-00C04F79EFBC}") = "PerformanceTests.Tiger", "PerformanceTests.Tiger.csproj", "{D1378AF4-6521-44F1-BAB1-5F280C5DCFCE}"
EndProject
Project("{FAE04EC0-301F-11D3-BF4B-00C04F79EFBC}") = "PerformanceTests.Visualizer", "PerformanceTests.Visualizer.csproj", "{B3AD7726-BA13-4898-B308-691EC8CD2103}"
EndProject
Project("{FAE04EC0-301F-11D3-BF4B-00C04F79EFBC}") = "Sandbox", "Sandbox.csproj", "{CF087BEA-BA8F-4BA1-A75D-D6EB1F062CF8}"
EndProject
Global
	GlobalSection(SolutionConfigurationPlatforms) = preSolution
		Debug|Any CPU = Debug|Any CPU
		Release|Any CPU = Release|Any CPU
	EndGlobalSection
	GlobalSection(ProjectConfigurationPlatforms) = postSolution
		{87032FBA-4AE2-49C7-9DC2-E9D46EBD116E}.Debug|Any CPU.ActiveCfg = Debug|Any CPU
		{87032FBA-4AE2-49C7-9DC2-E9D46EBD116E}.Debug|Any CPU.Build.0 = Debug|Any CPU
		{87032FBA-4AE2-49C7-9DC2-E9D46EBD116E}.Release|Any CPU.ActiveCfg = Release|Any CPU
		{87032FBA-4AE2-49C7-9DC2-E9D46EBD116E}.Release|Any CPU.Build.0 = Release|Any CPU
		{4AB62BFF-BD39-446D-96F5-9E3E0DDF0315}.Debug|Any CPU.ActiveCfg = Debug|Any CPU
		{4AB62BFF-BD39-446D-96F5-9E3E0DDF0315}.Debug|Any CPU.Build.0 = Debug|Any CPU
		{4AB62BFF-BD39-446D-96F5-9E3E0DDF0315}.Release|Any CPU.ActiveCfg = Release|Any CPU
		{4AB62BFF-BD39-446D-96F5-9E3E0DDF0315}.Release|Any CPU.Build.0 = Release|Any CPU
		{5365E87B-AD0D-4878-B1EF-601526B346DB}.Debug|Any CPU.ActiveCfg = Debug|Any CPU
		{5365E87B-AD0D-4878-B1EF-601526B346DB}.Release|Any CPU.ActiveCfg = Release|Any CPU
		{711A7A7C-FC3B-4B5D-859B-D78149482F5E}.Debug|Any CPU.ActiveCfg = Debug|Any CPU
		{711A7A7C-FC3B-4B5D-859B-D78149482F5E}.Release|Any CPU.ActiveCfg = Release|Any CPU
		{F8531C94-62EF-40E2-8A2E-1B0F9DA49BFA}.Debug|Any CPU.ActiveCfg = Debug|Any CPU
		{F8531C94-62EF-40E2-8A2E-1B0F9DA49BFA}.Debug|Any CPU.Build.0 = Debug|Any CPU
		{F8531C94-62EF-40E2-8A2E-1B0F9DA49BFA}.Release|Any CPU.ActiveCfg = Release|Any CPU
		{08C1D8D4-A5E3-4417-9C0E-601BEB9E0B29}.Debug|Any CPU.ActiveCfg = Debug|Any CPU
		{08C1D8D4-A5E3-4417-9C0E-601BEB9E0B29}.Debug|Any CPU.Build.0 = Debug|Any CPU
		{08C1D8D4-A5E3-4417-9C0E-601BEB9E0B29}.Release|Any CPU.ActiveCfg = Release|Any CPU
		{08C1D8D4-A5E3-4417-9C0E-601BEB9E0B29}.Release|Any CPU.Build.0 = Release|Any CPU
		{8496FF01-EBCA-4DF0-B661-3C80E820C061}.Debug|Any CPU.ActiveCfg = Debug|Any CPU
		{8496FF01-EBCA-4DF0-B661-3C80E820C061}.Debug|Any CPU.Build.0 = Debug|Any CPU
		{8496FF01-EBCA-4DF0-B661-3C80E820C061}.Release|Any CPU.ActiveCfg = Release|Any CPU
		{8496FF01-EBCA-4DF0-B661-3C80E820C061}.Release|Any CPU.Build.0 = Release|Any CPU
		{565A1819-E803-4B31-98FC-2F6209C14259}.Debug|Any CPU.ActiveCfg = Debug|Any CPU
		{565A1819-E803-4B31-98FC-2F6209C14259}.Debug|Any CPU.Build.0 = Debug|Any CPU
		{565A1819-E803-4B31-98FC-2F6209C14259}.Release|Any CPU.ActiveCfg = Release|Any CPU
		{565A1819-E803-4B31-98FC-2F6209C14259}.Release|Any CPU.Build.0 = Release|Any CPU
		{BA9F9EC2-DAA5-4EF7-A254-209EE7AAB3ED}.Debug|Any CPU.ActiveCfg = Debug|Any CPU
		{BA9F9EC2-DAA5-4EF7-A254-209EE7AAB3ED}.Debug|Any CPU.Build.0 = Debug|Any CPU
		{BA9F9EC2-DAA5-4EF7-A254-209EE7AAB3ED}.Release|Any CPU.ActiveCfg = Release|Any CPU
		{BA9F9EC2-DAA5-4EF7-A254-209EE7AAB3ED}.Release|Any CPU.Build.0 = Release|Any CPU
		{7EC354D8-D7FF-4F9B-A11A-3B10974D64E7}.Debug|Any CPU.ActiveCfg = Debug|Any CPU
		{7EC354D8-D7FF-4F9B-A11A-3B10974D64E7}.Debug|Any CPU.Build.0 = Debug|Any CPU
		{7EC354D8-D7FF-4F9B-A11A-3B10974D64E7}.Release|Any CPU.ActiveCfg = Release|Any CPU
		{7EC354D8-D7FF-4F9B-A11A-3B10974D64E7}.Release|Any CPU.Build.0 = Release|Any CPU
		{D3A0BDFD-734B-418E-A514-40BE34AF3078}.Debug|Any CPU.ActiveCfg = Debug|Any CPU
		{D3A0BDFD-734B-418E-A514-40BE34AF3078}.Release|Any CPU.ActiveCfg = Release|Any CPU
		{A4373239-D2F8-4D9C-8E51-3AA47CF48A26}.Debug|Any CPU.ActiveCfg = Debug|Any CPU
		{A4373239-D2F8-4D9C-8E51-3AA47CF48A26}.Release|Any CPU.ActiveCfg = Release|Any CPU
		{DFEA3252-4558-46E2-972B-7D2F176C795A}.Debug|Any CPU.ActiveCfg = Debug|Any CPU
		{DFEA3252-4558-46E2-972B-7D2F176C795A}.Debug|Any CPU.Build.0 = Debug|Any CPU
		{DFEA3252-4558-46E2-972B-7D2F176C795A}.Release|Any CPU.ActiveCfg = Release|Any CPU
		{D1378AF4-6521-44F1-BAB1-5F280C5DCFCE}.Debug|Any CPU.ActiveCfg = Debug|Any CPU
		{D1378AF4-6521-44F1-BAB1-5F280C5DCFCE}.Release|Any CPU.ActiveCfg = Release|Any CPU
		{B3AD7726-BA13-4898-B308-691EC8CD2103}.Debug|Any CPU.ActiveCfg = Debug|Any CPU
		{B3AD7726-BA13-4898-B308-691EC8CD2103}.Debug|Any CPU.Build.0 = Debug|Any CPU
		{B3AD7726-BA13-4898-B308-691EC8CD2103}.Release|Any CPU.ActiveCfg = Release|Any CPU
		{B3AD7726-BA13-4898-B308-691EC8CD2103}.Release|Any CPU.Build.0 = Release|Any CPU
		{CF087BEA-BA8F-4BA1-A75D-D6EB1F062CF8}.Debug|Any CPU.ActiveCfg = Debug|Any CPU
		{CF087BEA-BA8F-4BA1-A75D-D6EB1F062CF8}.Debug|Any CPU.Build.0 = Debug|Any CPU
		{CF087BEA-BA8F-4BA1-A75D-D6EB1F062CF8}.Release|Any CPU.ActiveCfg = Release|Any CPU
		{CF087BEA-BA8F-4BA1-A75D-D6EB1F062CF8}.Release|Any CPU.Build.0 = Release|Any CPU
	EndGlobalSection
	GlobalSection(SolutionProperties) = preSolution
		HideSolutionNode = FALSE
	EndGlobalSection
EndGlobal
